
Microsoft Visual Studio Solution File, Format Version 12.00
# Visual Studio 15
VisualStudioVersion = 15.0.26403.7
MinimumVisualStudioVersion = 10.0.40219.1
Project("{FAE04EC0-301F-11D3-BF4B-00C04F79EFBC}") = "DatabaseProject", "DatabaseProject\DatabaseProject.csproj", "{D173FF84-1D0D-4DDF-B759-A38E7E800629}"
EndProject
Global
	GlobalSection(SolutionConfigurationPlatforms) = preSolution
		Debug|Any CPU = Debug|Any CPU
		Release|Any CPU = Release|Any CPU
	EndGlobalSection
	GlobalSection(ProjectConfigurationPlatforms) = postSolution
		{D173FF84-1D0D-4DDF-B759-A38E7E800629}.Debug|Any CPU.ActiveCfg = Debug|Any CPU
		{D173FF84-1D0D-4DDF-B759-A38E7E800629}.Debug|Any CPU.Build.0 = Debug|Any CPU
		{D173FF84-1D0D-4DDF-B759-A38E7E800629}.Release|Any CPU.ActiveCfg = Release|Any CPU
		{D173FF84-1D0D-4DDF-B759-A38E7E800629}.Release|Any CPU.Build.0 = Release|Any CPU
	EndGlobalSection
	GlobalSection(SolutionProperties) = preSolution
		HideSolutionNode = FALSE
	EndGlobalSection
EndGlobal
